
Microsoft Visual Studio Solution File, Format Version 12.00
# Visual Studio 15
Project("{FAE04EC0-301F-11D3-BF4B-00C04F79EFBC}") = "CSharpWebDevelopment", "CSharpWebDevelopment.csproj", "{F3091D3B-30C1-455E-872D-6767BC594BBC}"
EndProject
Global
	GlobalSection(SolutionConfigurationPlatforms) = preSolution
		Debug|Any CPU = Debug|Any CPU
		Release|Any CPU = Release|Any CPU
	EndGlobalSection
	GlobalSection(ProjectConfigurationPlatforms) = postSolution
		{F3091D3B-30C1-455E-872D-6767BC594BBC}.Debug|Any CPU.ActiveCfg = Debug|Any CPU
		{F3091D3B-30C1-455E-872D-6767BC594BBC}.Debug|Any CPU.Build.0 = Debug|Any CPU
		{F3091D3B-30C1-455E-872D-6767BC594BBC}.Release|Any CPU.ActiveCfg = Release|Any CPU
		{F3091D3B-30C1-455E-872D-6767BC594BBC}.Release|Any CPU.Build.0 = Release|Any CPU
	EndGlobalSection
	GlobalSection(NestedProjects) = preSolution
	EndGlobalSection
EndGlobal
