
Microsoft Visual Studio Solution File, Format Version 12.00
# Visual Studio 15
Project("{FAE04EC0-301F-11D3-BF4B-00C04F79EFBC}") = "CSharpWebDevelopment", "CSharpWebDevelopment.csproj", "{F3091D3B-30C1-455E-872D-6767BC594BBC}"
EndProject
Project("{FAE04EC0-301F-11D3-BF4B-00C04F79EFBC}") = "_2._DataTypes", "_2._DataTypes\_2._DataTypes.csproj", "{37BBBA60-688D-40DD-8FFD-9FC89C192138}"
EndProject
Project("{FAE04EC0-301F-11D3-BF4B-00C04F79EFBC}") = "_2.5._DataTypes_Exercises", "_2.5._DataTypes_Exercises\_2.5._DataTypes_Exercises.csproj", "{CCFC7CD7-154F-4598-A87F-DBA7B6B52FC1}"
EndProject
Project("{2150E333-8FDC-42A3-9474-1A3956D46DE8}") = "Solution Items", "Solution Items", "{034A6E87-BB76-4E01-AB4F-6E225523E0D4}"
	ProjectSection(SolutionItems) = preProject
		README.md = README.md
	EndProjectSection
EndProject
Project("{FAE04EC0-301F-11D3-BF4B-00C04F79EFBC}") = "_2.6._DataTypes_Studio_AreaOfCircle", "_2.6._DataTypes_Studio_AreaOfCircle\_2.6._DataTypes_Studio_AreaOfCircle.csproj", "{87643963-ED78-42BF-B0BB-AC167EA58B53}"
EndProject
Project("{FAE04EC0-301F-11D3-BF4B-00C04F79EFBC}") = "_3._ControlFlowAndCollections", "_3._ControlFlowAndCollections\_3._ControlFlowAndCollections.csproj", "{2903D17B-8E33-4C40-8010-B9DA5DA5F042}"
EndProject
Project("{FAE04EC0-301F-11D3-BF4B-00C04F79EFBC}") = "_3.8._ControlFlowAndCollections_Studio", "_3.8._ControlFlowAndCollections_Studio\_3.8._ControlFlowAndCollections_Studio.csproj", "{2E985E33-53C7-4704-AC53-FA6049504EB6}"
EndProject
Project("{FAE04EC0-301F-11D3-BF4B-00C04F79EFBC}") = "_3.7.1._ControlFlowAndCollections_ArrayPractice", "_3.7.1._ControlFlowAndCollections_ArrayPractice\_3.7.1._ControlFlowAndCollections_ArrayPractice.csproj", "{25A90B77-68F8-41EF-BEFB-411AE91522A9}"
EndProject
Project("{FAE04EC0-301F-11D3-BF4B-00C04F79EFBC}") = "_3.7.2._ControlFlowAndCollections_StringPractice", "_3._7._2._ControlFlowAndCollections_StringPractice\_3.7.2._ControlFlowAndCollections_StringPractice.csproj", "{06576862-C8F8-456C-8ABD-8E48B9388005}"
EndProject
Project("{FAE04EC0-301F-11D3-BF4B-00C04F79EFBC}") = "_3.7.3._ControlFlowAndCollections_ListPractice", "_3._7._3._ControlFlowAndCollections_ListPractice\_3.7.3._ControlFlowAndCollections_ListPractice.csproj", "{C574843E-C5E1-49B7-84C3-FC54E19B76A8}"
EndProject
Project("{FAE04EC0-301F-11D3-BF4B-00C04F79EFBC}") = "_3.7.4._ControlFlowAndCollections_BonusMission", "_3._7._4._ControlFlowAndCollections_BonusMission\_3.7.4._ControlFlowAndCollections_BonusMission.csproj", "{958302A4-95D2-4ED9-A77B-DE20EDA58123}"
EndProject
Project("{FAE04EC0-301F-11D3-BF4B-00C04F79EFBC}") = "_4._ClassesPart1", "_4._ClassesPart1\_4._ClassesPart1.csproj", "{8A0B4075-28CC-49B7-9241-A90180DB8495}"
EndProject
Project("{FAE04EC0-301F-11D3-BF4B-00C04F79EFBC}") = "_4.7._ClassesAndObjects_Exercises", "_4.7._ClassesAndObjects_Exercises\_4.7._ClassesAndObjects_Exercises.csproj", "{B6D869E4-7D0A-4AA7-9215-856767D33CD6}"
EndProject
Project("{FAE04EC0-301F-11D3-BF4B-00C04F79EFBC}") = "_4.8._Classes_ResturauntMenu", "_4.8._Classes_ResturauntMenu\_4.8._Classes_ResturauntMenu.csproj", "{E4F39F67-1A68-4DC1-BFE2-844A87ECFA97}"
EndProject
Global
	GlobalSection(SolutionConfigurationPlatforms) = preSolution
		Debug|Any CPU = Debug|Any CPU
		Release|Any CPU = Release|Any CPU
	EndGlobalSection
	GlobalSection(ProjectConfigurationPlatforms) = postSolution
		{F3091D3B-30C1-455E-872D-6767BC594BBC}.Debug|Any CPU.ActiveCfg = Debug|Any CPU
		{F3091D3B-30C1-455E-872D-6767BC594BBC}.Debug|Any CPU.Build.0 = Debug|Any CPU
		{F3091D3B-30C1-455E-872D-6767BC594BBC}.Release|Any CPU.ActiveCfg = Release|Any CPU
		{F3091D3B-30C1-455E-872D-6767BC594BBC}.Release|Any CPU.Build.0 = Release|Any CPU
		{37BBBA60-688D-40DD-8FFD-9FC89C192138}.Debug|Any CPU.ActiveCfg = Debug|Any CPU
		{37BBBA60-688D-40DD-8FFD-9FC89C192138}.Debug|Any CPU.Build.0 = Debug|Any CPU
		{37BBBA60-688D-40DD-8FFD-9FC89C192138}.Release|Any CPU.ActiveCfg = Release|Any CPU
		{37BBBA60-688D-40DD-8FFD-9FC89C192138}.Release|Any CPU.Build.0 = Release|Any CPU
		{CCFC7CD7-154F-4598-A87F-DBA7B6B52FC1}.Debug|Any CPU.ActiveCfg = Debug|Any CPU
		{CCFC7CD7-154F-4598-A87F-DBA7B6B52FC1}.Debug|Any CPU.Build.0 = Debug|Any CPU
		{CCFC7CD7-154F-4598-A87F-DBA7B6B52FC1}.Release|Any CPU.ActiveCfg = Release|Any CPU
		{CCFC7CD7-154F-4598-A87F-DBA7B6B52FC1}.Release|Any CPU.Build.0 = Release|Any CPU
		{87643963-ED78-42BF-B0BB-AC167EA58B53}.Debug|Any CPU.ActiveCfg = Debug|Any CPU
		{87643963-ED78-42BF-B0BB-AC167EA58B53}.Debug|Any CPU.Build.0 = Debug|Any CPU
		{87643963-ED78-42BF-B0BB-AC167EA58B53}.Release|Any CPU.ActiveCfg = Release|Any CPU
		{87643963-ED78-42BF-B0BB-AC167EA58B53}.Release|Any CPU.Build.0 = Release|Any CPU
		{2903D17B-8E33-4C40-8010-B9DA5DA5F042}.Debug|Any CPU.ActiveCfg = Debug|Any CPU
		{2903D17B-8E33-4C40-8010-B9DA5DA5F042}.Debug|Any CPU.Build.0 = Debug|Any CPU
		{2903D17B-8E33-4C40-8010-B9DA5DA5F042}.Release|Any CPU.ActiveCfg = Release|Any CPU
		{2903D17B-8E33-4C40-8010-B9DA5DA5F042}.Release|Any CPU.Build.0 = Release|Any CPU
		{2E985E33-53C7-4704-AC53-FA6049504EB6}.Debug|Any CPU.ActiveCfg = Debug|Any CPU
		{2E985E33-53C7-4704-AC53-FA6049504EB6}.Debug|Any CPU.Build.0 = Debug|Any CPU
		{2E985E33-53C7-4704-AC53-FA6049504EB6}.Release|Any CPU.ActiveCfg = Release|Any CPU
		{2E985E33-53C7-4704-AC53-FA6049504EB6}.Release|Any CPU.Build.0 = Release|Any CPU
		{25A90B77-68F8-41EF-BEFB-411AE91522A9}.Debug|Any CPU.ActiveCfg = Debug|Any CPU
		{25A90B77-68F8-41EF-BEFB-411AE91522A9}.Debug|Any CPU.Build.0 = Debug|Any CPU
		{25A90B77-68F8-41EF-BEFB-411AE91522A9}.Release|Any CPU.ActiveCfg = Release|Any CPU
		{25A90B77-68F8-41EF-BEFB-411AE91522A9}.Release|Any CPU.Build.0 = Release|Any CPU
		{06576862-C8F8-456C-8ABD-8E48B9388005}.Debug|Any CPU.ActiveCfg = Debug|Any CPU
		{06576862-C8F8-456C-8ABD-8E48B9388005}.Debug|Any CPU.Build.0 = Debug|Any CPU
		{06576862-C8F8-456C-8ABD-8E48B9388005}.Release|Any CPU.ActiveCfg = Release|Any CPU
		{06576862-C8F8-456C-8ABD-8E48B9388005}.Release|Any CPU.Build.0 = Release|Any CPU
		{C574843E-C5E1-49B7-84C3-FC54E19B76A8}.Debug|Any CPU.ActiveCfg = Debug|Any CPU
		{C574843E-C5E1-49B7-84C3-FC54E19B76A8}.Debug|Any CPU.Build.0 = Debug|Any CPU
		{C574843E-C5E1-49B7-84C3-FC54E19B76A8}.Release|Any CPU.ActiveCfg = Release|Any CPU
		{C574843E-C5E1-49B7-84C3-FC54E19B76A8}.Release|Any CPU.Build.0 = Release|Any CPU
		{958302A4-95D2-4ED9-A77B-DE20EDA58123}.Debug|Any CPU.ActiveCfg = Debug|Any CPU
		{958302A4-95D2-4ED9-A77B-DE20EDA58123}.Debug|Any CPU.Build.0 = Debug|Any CPU
		{958302A4-95D2-4ED9-A77B-DE20EDA58123}.Release|Any CPU.ActiveCfg = Release|Any CPU
		{958302A4-95D2-4ED9-A77B-DE20EDA58123}.Release|Any CPU.Build.0 = Release|Any CPU
		{8A0B4075-28CC-49B7-9241-A90180DB8495}.Debug|Any CPU.ActiveCfg = Debug|Any CPU
		{8A0B4075-28CC-49B7-9241-A90180DB8495}.Debug|Any CPU.Build.0 = Debug|Any CPU
		{8A0B4075-28CC-49B7-9241-A90180DB8495}.Release|Any CPU.ActiveCfg = Release|Any CPU
		{8A0B4075-28CC-49B7-9241-A90180DB8495}.Release|Any CPU.Build.0 = Release|Any CPU
		{B6D869E4-7D0A-4AA7-9215-856767D33CD6}.Debug|Any CPU.ActiveCfg = Debug|Any CPU
		{B6D869E4-7D0A-4AA7-9215-856767D33CD6}.Debug|Any CPU.Build.0 = Debug|Any CPU
		{B6D869E4-7D0A-4AA7-9215-856767D33CD6}.Release|Any CPU.ActiveCfg = Release|Any CPU
		{B6D869E4-7D0A-4AA7-9215-856767D33CD6}.Release|Any CPU.Build.0 = Release|Any CPU
		{E4F39F67-1A68-4DC1-BFE2-844A87ECFA97}.Debug|Any CPU.ActiveCfg = Debug|Any CPU
		{E4F39F67-1A68-4DC1-BFE2-844A87ECFA97}.Debug|Any CPU.Build.0 = Debug|Any CPU
		{E4F39F67-1A68-4DC1-BFE2-844A87ECFA97}.Release|Any CPU.ActiveCfg = Release|Any CPU
		{E4F39F67-1A68-4DC1-BFE2-844A87ECFA97}.Release|Any CPU.Build.0 = Release|Any CPU
	EndGlobalSection
	GlobalSection(NestedProjects) = preSolution
	EndGlobalSection
EndGlobal
